
Microsoft Visual Studio Solution File, Format Version 12.00
# Visual Studio Version 17
VisualStudioVersion = 17.4.33213.308
MinimumVisualStudioVersion = 10.0.40219.1
Project("{9A19103F-16F7-4668-BE54-9A1E7A4F7556}") = "Foniste", "Foniste\Foniste.csproj", "{B12497AF-7B31-4056-B042-8C125FD50D46}"
EndProject
Project("{9A19103F-16F7-4668-BE54-9A1E7A4F7556}") = "FonApi", "FonApi\FonApi.csproj", "{DC7C7F07-EAB7-4FC0-A5AB-767372272A29}"
EndProject
Global
	GlobalSection(SolutionConfigurationPlatforms) = preSolution
		Debug|Any CPU = Debug|Any CPU
		Release|Any CPU = Release|Any CPU
	EndGlobalSection
	GlobalSection(ProjectConfigurationPlatforms) = postSolution
		{B12497AF-7B31-4056-B042-8C125FD50D46}.Debug|Any CPU.ActiveCfg = Debug|Any CPU
		{B12497AF-7B31-4056-B042-8C125FD50D46}.Debug|Any CPU.Build.0 = Debug|Any CPU
		{B12497AF-7B31-4056-B042-8C125FD50D46}.Release|Any CPU.ActiveCfg = Release|Any CPU
		{B12497AF-7B31-4056-B042-8C125FD50D46}.Release|Any CPU.Build.0 = Release|Any CPU
		{DC7C7F07-EAB7-4FC0-A5AB-767372272A29}.Debug|Any CPU.ActiveCfg = Debug|Any CPU
		{DC7C7F07-EAB7-4FC0-A5AB-767372272A29}.Debug|Any CPU.Build.0 = Debug|Any CPU
		{DC7C7F07-EAB7-4FC0-A5AB-767372272A29}.Release|Any CPU.ActiveCfg = Release|Any CPU
		{DC7C7F07-EAB7-4FC0-A5AB-767372272A29}.Release|Any CPU.Build.0 = Release|Any CPU
	EndGlobalSection
	GlobalSection(SolutionProperties) = preSolution
		HideSolutionNode = FALSE
	EndGlobalSection
	GlobalSection(ExtensibilityGlobals) = postSolution
		SolutionGuid = {0178D0B6-998C-4EA2-93B8-6F40F2A23C21}
	EndGlobalSection
EndGlobal
